version = 1
revision = 1
requires-python = ">=3.9"
resolution-markers = [
    "python_full_version >= '3.11'",
    "python_full_version == '3.10.*'",
    "python_full_version < '3.10'",
]

[[package]]
name = "ads1015"
version = "1.0.0"
source = { registry = "https://www.piwheels.org/simple" }
dependencies = [
    { name = "i2cdevice" },
]
wheels = [
    { url = "https://www.piwheels.org/simple/ads1015/ads1015-1.0.0-py3-none-any.whl", hash = "sha256:3497a7457f045b4abd049e96ab3a5ff95603a3b08b36273e4dfa6234964130df" },
]

[[package]]
name = "astral"
version = "3.2"
source = { registry = "https://www.piwheels.org/simple" }
dependencies = [
    { name = "tzdata", marker = "sys_platform == 'win32'" },
]
wheels = [
    { url = "https://www.piwheels.org/simple/astral/astral-3.2-py3-none-any.whl", hash = "sha256:acda65422041785b98750ec7ed6cf945a5dc3aabe53c64c4cc77aa7d951bfad9" },
]

[[package]]
name = "cffi"
version = "1.17.1"
source = { registry = "https://www.piwheels.org/simple" }
dependencies = [
    { name = "pycparser" },
]
wheels = [
    { url = "https://www.piwheels.org/simple/cffi/cffi-1.17.1-cp311-cp311-linux_armv6l.whl", hash = "sha256:da2e6428aa89f81b9a97c5818e7e5875f2c40bef6abbbe17e0d768199aa943f1" },
    { url = "https://www.piwheels.org/simple/cffi/cffi-1.17.1-cp311-cp311-linux_armv7l.whl", hash = "sha256:da2e6428aa89f81b9a97c5818e7e5875f2c40bef6abbbe17e0d768199aa943f1" },
    { url = "https://www.piwheels.org/simple/cffi/cffi-1.17.1-cp313-cp313-linux_armv6l.whl", hash = "sha256:58f31ade45b0247d0a54d3003ac3c39da0851f86252d624836e138628ef89c1d" },
    { url = "https://www.piwheels.org/simple/cffi/cffi-1.17.1-cp313-cp313-linux_armv7l.whl", hash = "sha256:58f31ade45b0247d0a54d3003ac3c39da0851f86252d624836e138628ef89c1d" },
    { url = "https://www.piwheels.org/simple/cffi/cffi-1.17.1-cp39-cp39-linux_armv6l.whl", hash = "sha256:df27fb06fb48fa1ca9b2a87f05bae8ff3edc0ac5d8c65e8f77df3f9987a1b36b" },
    { url = "https://www.piwheels.org/simple/cffi/cffi-1.17.1-cp39-cp39-linux_armv7l.whl", hash = "sha256:df27fb06fb48fa1ca9b2a87f05bae8ff3edc0ac5d8c65e8f77df3f9987a1b36b" },
]

[[package]]
name = "enviroplus"
source = { editable = "." }
dependencies = [
    { name = "ads1015" },
    { name = "astral" },
    { name = "font-roboto" },
    { name = "fonts" },
    { name = "gpiod" },
    { name = "gpiodevice" },
    { name = "ltr559" },
    { name = "numpy", version = "2.0.2", source = { registry = "https://www.piwheels.org/simple" }, marker = "python_full_version < '3.10'" },
    { name = "numpy", version = "2.2.6", source = { registry = "https://www.piwheels.org/simple" }, marker = "python_full_version == '3.10.*'" },
    { name = "numpy", version = "2.3.2", source = { registry = "https://www.piwheels.org/simple" }, marker = "python_full_version >= '3.11'" },
    { name = "paho-mqtt" },
    { name = "pimoroni-bme280" },
    { name = "pms5003" },
    { name = "pytz" },
    { name = "sounddevice" },
    { name = "st7735" },
]

[package.metadata]
requires-dist = [
    { name = "ads1015", specifier = ">=1.0.0" },
    { name = "astral" },
    { name = "font-roboto" },
    { name = "fonts" },
    { name = "gpiod", specifier = ">=2.1.3" },
    { name = "gpiodevice", specifier = ">=0.0.3" },
    { name = "ltr559", specifier = ">=1.0.0" },
    { name = "numpy", specifier = ">=2.0.2" },
    { name = "paho-mqtt" },
    { name = "pimoroni-bme280", specifier = ">=1.0.0" },
    { name = "pms5003", specifier = ">=1.0.1" },
    { name = "pytz" },
    { name = "sounddevice" },
    { name = "st7735", specifier = ">=1.0.0" },
]

[[package]]
name = "font-roboto"
version = "0.0.1"
source = { registry = "https://www.piwheels.org/simple" }
wheels = [
    { url = "https://www.piwheels.org/simple/font-roboto/font_roboto-0.0.1-py3-none-any.whl", hash = "sha256:2caa02403b2b6534229dd652205b1b2cacabc6d00e0a75b25f4c906cdb902d1d" },
]

[[package]]
name = "fonts"
version = "0.0.3"
source = { registry = "https://www.piwheels.org/simple" }
wheels = [
    { url = "https://www.piwheels.org/simple/fonts/fonts-0.0.3-py3-none-any.whl", hash = "sha256:e5f551379088ab260c2537980c3ccdff8af93408d9d4fa3319388d2ee25b7b6d" },
]

[[package]]
name = "gpiod"
version = "2.3.0"
source = { registry = "https://www.piwheels.org/simple" }
wheels = [
    { url = "https://www.piwheels.org/simple/gpiod/gpiod-2.3.0-cp311-cp311-linux_armv6l.whl", hash = "sha256:d69aa31fceb26920480211ae36f771247a2c17f493282325dd07c16d37325e3d" },
    { url = "https://www.piwheels.org/simple/gpiod/gpiod-2.3.0-cp311-cp311-linux_armv7l.whl", hash = "sha256:d69aa31fceb26920480211ae36f771247a2c17f493282325dd07c16d37325e3d" },
    { url = "https://www.piwheels.org/simple/gpiod/gpiod-2.3.0-cp313-cp313-linux_armv6l.whl", hash = "sha256:ca0baede2f0ae751a65cc8d5f820d9c13c98f4f2d0606e0a81ca285658f03705" },
    { url = "https://www.piwheels.org/simple/gpiod/gpiod-2.3.0-cp313-cp313-linux_armv7l.whl", hash = "sha256:ca0baede2f0ae751a65cc8d5f820d9c13c98f4f2d0606e0a81ca285658f03705" },
    { url = "https://www.piwheels.org/simple/gpiod/gpiod-2.3.0-cp39-cp39-linux_armv6l.whl", hash = "sha256:4a1924a5ef735073dc49c0d4934a1827d19a3c61ddf839a6a8b6f40ea0d9ac37" },
    { url = "https://www.piwheels.org/simple/gpiod/gpiod-2.3.0-cp39-cp39-linux_armv7l.whl", hash = "sha256:4a1924a5ef735073dc49c0d4934a1827d19a3c61ddf839a6a8b6f40ea0d9ac37" },
]

[[package]]
name = "gpiodevice"
version = "0.0.5"
source = { registry = "https://www.piwheels.org/simple" }
dependencies = [
    { name = "gpiod" },
]
wheels = [
    { url = "https://www.piwheels.org/simple/gpiodevice/gpiodevice-0.0.5-py3-none-any.whl", hash = "sha256:b808250cd1d89379b69f98cc6442b6b098aa32604c3ed7fb194a39607ee35253" },
]

[[package]]
name = "i2cdevice"
version = "1.0.0"
source = { registry = "https://www.piwheels.org/simple" }
dependencies = [
    { name = "smbus2" },
]
wheels = [
    { url = "https://www.piwheels.org/simple/i2cdevice/i2cdevice-1.0.0-py3-none-any.whl", hash = "sha256:595cfa3815aab4d8a4bbe1cbd4a4e1271d56cf7c1de367eab6a94dd80566f0c1" },
]

[[package]]
name = "ltr559"
version = "1.0.0"
source = { registry = "https://www.piwheels.org/simple" }
dependencies = [
    { name = "i2cdevice" },
]
wheels = [
    { url = "https://www.piwheels.org/simple/ltr559/ltr559-1.0.0-py3-none-any.whl", hash = "sha256:0805f2d9ab43b2f622847ec71cb6fbca2b91b396aafb121d911172a366a56c3d" },
]

[[package]]
name = "numpy"
version = "2.0.2"
source = { registry = "https://www.piwheels.org/simple" }
resolution-markers = [
    "python_full_version < '3.10'",
]
wheels = [
    { url = "https://www.piwheels.org/simple/numpy/numpy-2.0.2-cp311-cp311-linux_armv6l.whl", hash = "sha256:a0c5c3ea11329e36d0e792d4859f3bfc05e820d56212c1be6a5ed5ba121eb548" },
    { url = "https://www.piwheels.org/simple/numpy/numpy-2.0.2-cp311-cp311-linux_armv7l.whl", hash = "sha256:a0c5c3ea11329e36d0e792d4859f3bfc05e820d56212c1be6a5ed5ba121eb548" },
    { url = "https://www.piwheels.org/simple/numpy/numpy-2.0.2-cp313-cp313-linux_armv6l.whl", hash = "sha256:364a2d42d4a405e55e5d8dee0eafe843c75a53a299fd5e382185b3333c848df1" },
    { url = "https://www.piwheels.org/simple/numpy/numpy-2.0.2-cp313-cp313-linux_armv7l.whl", hash = "sha256:364a2d42d4a405e55e5d8dee0eafe843c75a53a299fd5e382185b3333c848df1" },
    { url = "https://www.piwheels.org/simple/numpy/numpy-2.0.2-cp39-cp39-linux_armv6l.whl", hash = "sha256:27740e75344b7522f6be4c3d694775369524f12e3b31327a3642a35f5b416db8" },
    { url = "https://www.piwheels.org/simple/numpy/numpy-2.0.2-cp39-cp39-linux_armv7l.whl", hash = "sha256:27740e75344b7522f6be4c3d694775369524f12e3b31327a3642a35f5b416db8" },
]

[[package]]
name = "numpy"
version = "2.2.6"
source = { registry = "https://www.piwheels.org/simple" }
resolution-markers = [
    "python_full_version == '3.10.*'",
]
wheels = [
    { url = "https://www.piwheels.org/simple/numpy/numpy-2.2.6-cp311-cp311-linux_armv6l.whl", hash = "sha256:9d5168644d4f18fda98839f03a5e6ede9b1b780ac4a187c188971a3dc4b0382e" },
    { url = "https://www.piwheels.org/simple/numpy/numpy-2.2.6-cp311-cp311-linux_armv7l.whl", hash = "sha256:9d5168644d4f18fda98839f03a5e6ede9b1b780ac4a187c188971a3dc4b0382e" },
    { url = "https://www.piwheels.org/simple/numpy/numpy-2.2.6-cp313-cp313-linux_armv6l.whl", hash = "sha256:495b42b52f5be434ff56e549d9deac19ac50de272f1f803755408e21c5e5e8cc" },
    { url = "https://www.piwheels.org/simple/numpy/numpy-2.2.6-cp313-cp313-linux_armv7l.whl", hash = "sha256:495b42b52f5be434ff56e549d9deac19ac50de272f1f803755408e21c5e5e8cc" },
]

[[package]]
name = "numpy"
version = "2.3.2"
source = { registry = "https://www.piwheels.org/simple" }
resolution-markers = [
    "python_full_version >= '3.11'",
]
wheels = [
    { url = "https://www.piwheels.org/simple/numpy/numpy-2.3.2-cp311-cp311-linux_armv6l.whl", hash = "sha256:6ead1855f873ab7d5b31a9a58c8f6f01fa64a310a5c2e7977fbf128827a506de" },
    { url = "https://www.piwheels.org/simple/numpy/numpy-2.3.2-cp311-cp311-linux_armv7l.whl", hash = "sha256:6ead1855f873ab7d5b31a9a58c8f6f01fa64a310a5c2e7977fbf128827a506de" },
    { url = "https://www.piwheels.org/simple/numpy/numpy-2.3.2-cp313-cp313-linux_armv6l.whl", hash = "sha256:db3d97f6938575f39bbdeacbc8da58912b34857cf3762a3c308b237e4cbc4d0c" },
    { url = "https://www.piwheels.org/simple/numpy/numpy-2.3.2-cp313-cp313-linux_armv7l.whl", hash = "sha256:db3d97f6938575f39bbdeacbc8da58912b34857cf3762a3c308b237e4cbc4d0c" },
]

[[package]]
name = "paho-mqtt"
version = "2.1.0"
source = { registry = "https://www.piwheels.org/simple" }
wheels = [
    { url = "https://www.piwheels.org/simple/paho-mqtt/paho_mqtt-2.1.0-py3-none-any.whl", hash = "sha256:6db9ba9b34ed5bc6b6e3812718c7e06e2fd7444540df2455d2c51bd58808feee" },
]

[[package]]
name = "pimoroni-bme280"
version = "1.0.0"
source = { registry = "https://www.piwheels.org/simple" }
dependencies = [
    { name = "i2cdevice" },
]
wheels = [
    { url = "https://www.piwheels.org/simple/pimoroni-bme280/pimoroni_bme280-1.0.0-py3-none-any.whl", hash = "sha256:7415a037ba3dd14ce40d705bb006e02f53b276c72aef75fda5ea86daef666a4f" },
]

[[package]]
name = "pms5003"
version = "1.0.1"
source = { registry = "https://www.piwheels.org/simple" }
dependencies = [
    { name = "gpiod" },
    { name = "gpiodevice" },
    { name = "pyserial" },
]
wheels = [
    { url = "https://www.piwheels.org/simple/pms5003/pms5003-1.0.1-py3-none-any.whl", hash = "sha256:38f51a40d1a09efb4bb7f6f01376dc870ed720253a664a1f4d1ae19581f6e3db" },
]

[[package]]
name = "pycparser"
version = "2.22"
source = { registry = "https://www.piwheels.org/simple" }
wheels = [
    { url = "https://www.piwheels.org/simple/pycparser/pycparser-2.22-py3-none-any.whl", hash = "sha256:1a6dcf2544745c9222d3981d9ffcd6231ffc69b827b0847fc40586388287a0ca" },
]

[[package]]
name = "pyserial"
version = "3.5"
source = { registry = "https://www.piwheels.org/simple" }
wheels = [
    { url = "https://www.piwheels.org/simple/pyserial/pyserial-3.5-py2.py3-none-any.whl", hash = "sha256:c4451db6ba391ca6ca299fb3ec7bae67a5c55dde170964c7a14ceefec02f2cf0" },
]

[[package]]
name = "pytz"
version = "2025.2"
source = { registry = "https://www.piwheels.org/simple" }
wheels = [
    { url = "https://www.piwheels.org/simple/pytz/pytz-2025.2-py3-none-any.whl", hash = "sha256:1e36035a3344defebdbea3c67ac072599349642911e39b51499444e0f87ee562" },
]

[[package]]
name = "smbus2"
version = "0.5.0"
source = { registry = "https://www.piwheels.org/simple" }
wheels = [
    { url = "https://www.piwheels.org/simple/smbus2/smbus2-0.5.0-py2.py3-none-any.whl", hash = "sha256:55af969c2b4336d0ea205101de5840c88275aac0520141e87a9792d5707e3355" },
]

[[package]]
name = "sounddevice"
version = "0.5.2"
source = { registry = "https://www.piwheels.org/simple" }
dependencies = [
    { name = "cffi" },
]
wheels = [
    { url = "https://www.piwheels.org/simple/sounddevice/sounddevice-0.5.2-py3-none-any.whl", hash = "sha256:abdb30495e6b4bd74beb5963824bbe1a9bdf15d081bc13e552d15938995bca67" },
]

[[package]]
name = "spidev"
version = "3.7"
source = { registry = "https://www.piwheels.org/simple" }
wheels = [
    { url = "https://www.piwheels.org/simple/spidev/spidev-3.7-cp311-cp311-linux_armv6l.whl", hash = "sha256:5557137ac66cf5af202a192dec9717c8ece331c2cf5792aec8699363e38fe1d2" },
    { url = "https://www.piwheels.org/simple/spidev/spidev-3.7-cp311-cp311-linux_armv7l.whl", hash = "sha256:5557137ac66cf5af202a192dec9717c8ece331c2cf5792aec8699363e38fe1d2" },
    { url = "https://www.piwheels.org/simple/spidev/spidev-3.7-cp313-cp313-linux_armv6l.whl", hash = "sha256:e78a51adda53bfacc5c13ee8f82e028d78a22836aeefa8e4cf8f7f4829fd07d8" },
    { url = "https://www.piwheels.org/simple/spidev/spidev-3.7-cp313-cp313-linux_armv7l.whl", hash = "sha256:e78a51adda53bfacc5c13ee8f82e028d78a22836aeefa8e4cf8f7f4829fd07d8" },
    { url = "https://www.piwheels.org/simple/spidev/spidev-3.7-cp39-cp39-linux_armv6l.whl", hash = "sha256:50e5d4bcf5a81572e0f2cbe67dcb9ca89c8d2a80dcc4ad4dbeb4eb3523d535c4" },
    { url = "https://www.piwheels.org/simple/spidev/spidev-3.7-cp39-cp39-linux_armv7l.whl", hash = "sha256:50e5d4bcf5a81572e0f2cbe67dcb9ca89c8d2a80dcc4ad4dbeb4eb3523d535c4" },
]

[[package]]
name = "st7735"
version = "1.0.0"
source = { registry = "https://www.piwheels.org/simple" }
dependencies = [
    { name = "numpy", version = "2.0.2", source = { registry = "https://www.piwheels.org/simple" }, marker = "python_full_version < '3.10'" },
    { name = "numpy", version = "2.2.6", source = { registry = "https://www.piwheels.org/simple" }, marker = "python_full_version == '3.10.*'" },
    { name = "numpy", version = "2.3.2", source = { registry = "https://www.piwheels.org/simple" }, marker = "python_full_version >= '3.11'" },
    { name = "spidev" },
]
wheels = [
    { url = "https://www.piwheels.org/simple/st7735/st7735-1.0.0-py3-none-any.whl", hash = "sha256:20eb580e3d2462d8498ea5922cb5c1128abc46cbbc91998f07911054b3594f83" },
]

[[package]]
name = "tzdata"
version = "2025.2"
source = { registry = "https://www.piwheels.org/simple" }
wheels = [
    { url = "https://www.piwheels.org/simple/tzdata/tzdata-2025.2-py2.py3-none-any.whl", hash = "sha256:4e87b5840916dc14fd650d261981d8b944d6db8962b4d22478591ccdc3bd69bd" },
]
